// !$*UTF8*$!
{
	archiveVersion = 1;
	classes = {
	};
	objectVersion = 50;
	objects = {

/* Begin PBXBuildFile section */
		5705EFE3219DDF90005EF724 /* EQCollectionViewCell.swift in Sources */ = {isa = PBXBuildFile; fileRef = 5705EFE1219DDF90005EF724 /* EQCollectionViewCell.swift */; };
		5705EFE4219DDF90005EF724 /* EQCollectionViewCell.xib in Resources */ = {isa = PBXBuildFile; fileRef = 5705EFE2219DDF90005EF724 /* EQCollectionViewCell.xib */; };
		5705EFEF219DE7D6005EF724 /* SoundsCollectionViewCell.swift in Sources */ = {isa = PBXBuildFile; fileRef = 5705EFED219DE7D6005EF724 /* SoundsCollectionViewCell.swift */; };
		5705EFF0219DE7D6005EF724 /* SoundsCollectionViewCell.xib in Resources */ = {isa = PBXBuildFile; fileRef = 5705EFEE219DE7D6005EF724 /* SoundsCollectionViewCell.xib */; };
		57075EC7219C490C003F2D4F /* AppDelegate.swift in Sources */ = {isa = PBXBuildFile; fileRef = 57075EC6219C490C003F2D4F /* AppDelegate.swift */; };
		57075ECC219C490C003F2D4F /* Main.storyboard in Resources */ = {isa = PBXBuildFile; fileRef = 57075ECA219C490C003F2D4F /* Main.storyboard */; };
		57075ECF219C490C003F2D4F /* SoundEngine.xcdatamodeld in Sources */ = {isa = PBXBuildFile; fileRef = 57075ECD219C490C003F2D4F /* SoundEngine.xcdatamodeld */; };
		57075ED1219C4911003F2D4F /* Assets.xcassets in Resources */ = {isa = PBXBuildFile; fileRef = 57075ED0219C4911003F2D4F /* Assets.xcassets */; };
		57075ED4219C4911003F2D4F /* LaunchScreen.storyboard in Resources */ = {isa = PBXBuildFile; fileRef = 57075ED2219C4911003F2D4F /* LaunchScreen.storyboard */; };
		57075EDF219C4911003F2D4F /* SoundEngineTests.swift in Sources */ = {isa = PBXBuildFile; fileRef = 57075EDE219C4911003F2D4F /* SoundEngineTests.swift */; };
		57075EEA219C4911003F2D4F /* SoundEngineUITests.swift in Sources */ = {isa = PBXBuildFile; fileRef = 57075EE9219C4911003F2D4F /* SoundEngineUITests.swift */; };
		573AE53721AEECE700452624 /* Amp.swift in Sources */ = {isa = PBXBuildFile; fileRef = 573AE53621AEECE700452624 /* Amp.swift */; };
		573AE53921AEEE9800452624 /* AudioToolbox.framework in Frameworks */ = {isa = PBXBuildFile; fileRef = 573AE53821AEEE9800452624 /* AudioToolbox.framework */; };
		5752059F21AD547F0005889E /* Filters.swift in Sources */ = {isa = PBXBuildFile; fileRef = 5752059E21AD547E0005889E /* Filters.swift */; };
		57567AAE21CB9DA50030CBEC /* WaveformModel.swift in Sources */ = {isa = PBXBuildFile; fileRef = 57567AAD21CB9DA50030CBEC /* WaveformModel.swift */; };
		575EE7E321BAF8E4008E9C11 /* Settings.swift in Sources */ = {isa = PBXBuildFile; fileRef = 575EE7E221BAF8E4008E9C11 /* Settings.swift */; };
		57612AE121B172A1001A7231 /* Helper.swift in Sources */ = {isa = PBXBuildFile; fileRef = 57612AE021B172A0001A7231 /* Helper.swift */; };
		57612AE321B17396001A7231 /* Collections.swift in Sources */ = {isa = PBXBuildFile; fileRef = 57612AE221B17396001A7231 /* Collections.swift */; };
		577F61D021DF7B6400853F29 /* EqualizerTableViewCell.swift in Sources */ = {isa = PBXBuildFile; fileRef = 577F61CE21DF7B6400853F29 /* EqualizerTableViewCell.swift */; };
		577F61D121DF7B6400853F29 /* EqualizerTableViewCell.xib in Resources */ = {isa = PBXBuildFile; fileRef = 577F61CF21DF7B6400853F29 /* EqualizerTableViewCell.xib */; };
		578B32CD21BE9522002A7EEE /* PentaTableViewCell.swift in Sources */ = {isa = PBXBuildFile; fileRef = 578B32CB21BE9522002A7EEE /* PentaTableViewCell.swift */; };
		578B32CE21BE9522002A7EEE /* PentaTableViewCell.xib in Resources */ = {isa = PBXBuildFile; fileRef = 578B32CC21BE9522002A7EEE /* PentaTableViewCell.xib */; };
		578B32D121BE9537002A7EEE /* HexaTableViewCell.swift in Sources */ = {isa = PBXBuildFile; fileRef = 578B32CF21BE9537002A7EEE /* HexaTableViewCell.swift */; };
		578B32D221BE9537002A7EEE /* HexaTableViewCell.xib in Resources */ = {isa = PBXBuildFile; fileRef = 578B32D021BE9537002A7EEE /* HexaTableViewCell.xib */; };
		578B32D521BE9548002A7EEE /* HeptaTableViewCell.swift in Sources */ = {isa = PBXBuildFile; fileRef = 578B32D321BE9548002A7EEE /* HeptaTableViewCell.swift */; };
		578B32D621BE9548002A7EEE /* HeptaTableViewCell.xib in Resources */ = {isa = PBXBuildFile; fileRef = 578B32D421BE9548002A7EEE /* HeptaTableViewCell.xib */; };
		578B32D921BE9558002A7EEE /* OctaTableViewCell.swift in Sources */ = {isa = PBXBuildFile; fileRef = 578B32D721BE9558002A7EEE /* OctaTableViewCell.swift */; };
		578B32DA21BE9558002A7EEE /* OctaTableViewCell.xib in Resources */ = {isa = PBXBuildFile; fileRef = 578B32D821BE9558002A7EEE /* OctaTableViewCell.xib */; };
		578F421521A5708A003076EC /* Colors.swift in Sources */ = {isa = PBXBuildFile; fileRef = 578F421421A5708A003076EC /* Colors.swift */; };
		579368D2219EF91400227AF8 /* TableViewCell.swift in Sources */ = {isa = PBXBuildFile; fileRef = 579368D0219EF91400227AF8 /* TableViewCell.swift */; };
		579368D3219EF91400227AF8 /* TableViewCell.xib in Resources */ = {isa = PBXBuildFile; fileRef = 579368D1219EF91400227AF8 /* TableViewCell.xib */; };
		57A631EA21A965B5000069FA /* DoubleTableViewCell.swift in Sources */ = {isa = PBXBuildFile; fileRef = 57A631E821A965B5000069FA /* DoubleTableViewCell.swift */; };
		57A631EB21A965B5000069FA /* DoubleTableViewCell.xib in Resources */ = {isa = PBXBuildFile; fileRef = 57A631E921A965B5000069FA /* DoubleTableViewCell.xib */; };
		57CF7DD921DE46260016CD67 /* PassFiltersTableViewCell.swift in Sources */ = {isa = PBXBuildFile; fileRef = 57CF7DD721DE46260016CD67 /* PassFiltersTableViewCell.swift */; };
		57CF7DDA21DE46260016CD67 /* PassFiltersTableViewCell.xib in Resources */ = {isa = PBXBuildFile; fileRef = 57CF7DD821DE46260016CD67 /* PassFiltersTableViewCell.xib */; };
		57DD133521C7E1EE00506663 /* EQ31CollectionViewCell.swift in Sources */ = {isa = PBXBuildFile; fileRef = 57DD133321C7E1EE00506663 /* EQ31CollectionViewCell.swift */; };
		57DD133621C7E1EE00506663 /* EQ31CollectionViewCell.xib in Resources */ = {isa = PBXBuildFile; fileRef = 57DD133421C7E1EE00506663 /* EQ31CollectionViewCell.xib */; };
		57E397A821A96F8500F2871A /* TripleTableViewCell.swift in Sources */ = {isa = PBXBuildFile; fileRef = 57E397A621A96F8500F2871A /* TripleTableViewCell.swift */; };
		57E397A921A96F8500F2871A /* TripleTableViewCell.xib in Resources */ = {isa = PBXBuildFile; fileRef = 57E397A721A96F8500F2871A /* TripleTableViewCell.xib */; };
		57E397AC21A96FCF00F2871A /* QuatroTableViewCell.swift in Sources */ = {isa = PBXBuildFile; fileRef = 57E397AA21A96FCF00F2871A /* QuatroTableViewCell.swift */; };
		57E397AD21A96FCF00F2871A /* QuatroTableViewCell.xib in Resources */ = {isa = PBXBuildFile; fileRef = 57E397AB21A96FCF00F2871A /* QuatroTableViewCell.xib */; };
		57E397B021AC155600F2871A /* Extensions.swift in Sources */ = {isa = PBXBuildFile; fileRef = 57E397AF21AC155600F2871A /* Extensions.swift */; };
		57E397BA21AC15D200F2871A /* LastCollectionViewCell.swift in Sources */ = {isa = PBXBuildFile; fileRef = 57E397B621AC15D200F2871A /* LastCollectionViewCell.swift */; };
		57E397BB21AC15D200F2871A /* ParallaxFlowLayout.swift in Sources */ = {isa = PBXBuildFile; fileRef = 57E397B821AC15D200F2871A /* ParallaxFlowLayout.swift */; };
		57E397BC21AC15D200F2871A /* SnappingFlowLayout.swift in Sources */ = {isa = PBXBuildFile; fileRef = 57E397B921AC15D200F2871A /* SnappingFlowLayout.swift */; };
		57E397BE21AC1E5300F2871A /* AudioModel.swift in Sources */ = {isa = PBXBuildFile; fileRef = 57E397BD21AC1E5300F2871A /* AudioModel.swift */; };
		57E397C021AC3B8C00F2871A /* Effects.swift in Sources */ = {isa = PBXBuildFile; fileRef = 57E397BF21AC3B8C00F2871A /* Effects.swift */; };
		57EC1B2721EDDF7800C29D8B /* SwitchBoardTableViewCell.swift in Sources */ = {isa = PBXBuildFile; fileRef = 57EC1B2521EDDF7700C29D8B /* SwitchBoardTableViewCell.swift */; };
		57EC1B2821EDDF7800C29D8B /* SwitchBoardTableViewCell.xib in Resources */ = {isa = PBXBuildFile; fileRef = 57EC1B2621EDDF7700C29D8B /* SwitchBoardTableViewCell.xib */; };
		57EDC83621B80E4500621899 /* SingleTableViewController.swift in Sources */ = {isa = PBXBuildFile; fileRef = 57EDC83521B80E4500621899 /* SingleTableViewController.swift */; };
		8C27423C1DFC32BBD8C2CE74 /* Pods_SoundEngine.framework in Frameworks */ = {isa = PBXBuildFile; fileRef = 0CED5D13550FE0930E527543 /* Pods_SoundEngine.framework */; };
		AFD87D80A5DD4EE17D1F36EB /* Pods_SoundEngineTests.framework in Frameworks */ = {isa = PBXBuildFile; fileRef = C56B2AAD0B6E46CA1FADE31B /* Pods_SoundEngineTests.framework */; };
		F1F6519A0E253EF5D854953C /* Pods_SoundEngineUITests.framework in Frameworks */ = {isa = PBXBuildFile; fileRef = 611CF29D88D71CCBCA2AFD3F /* Pods_SoundEngineUITests.framework */; };
/* End PBXBuildFile section */

/* Begin PBXContainerItemProxy section */
		57075EDB219C4911003F2D4F /* PBXContainerItemProxy */ = {
			isa = PBXContainerItemProxy;
			containerPortal = 57075EBB219C490C003F2D4F /* Project object */;
			proxyType = 1;
			remoteGlobalIDString = 57075EC2219C490C003F2D4F;
			remoteInfo = SoundEngine;
		};
		57075EE6219C4911003F2D4F /* PBXContainerItemProxy */ = {
			isa = PBXContainerItemProxy;
			containerPortal = 57075EBB219C490C003F2D4F /* Project object */;
			proxyType = 1;
			remoteGlobalIDString = 57075EC2219C490C003F2D4F;
			remoteInfo = SoundEngine;
		};
/* End PBXContainerItemProxy section */

/* Begin PBXFileReference section */
		0B623A504F7182B51B9312C4 /* Pods-SoundEngineTests.debug.xcconfig */ = {isa = PBXFileReference; includeInIndex = 1; lastKnownFileType = text.xcconfig; name = "Pods-SoundEngineTests.debug.xcconfig"; path = "Pods/Target Support Files/Pods-SoundEngineTests/Pods-SoundEngineTests.debug.xcconfig"; sourceTree = "<group>"; };
		0CED5D13550FE0930E527543 /* Pods_SoundEngine.framework */ = {isa = PBXFileReference; explicitFileType = wrapper.framework; includeInIndex = 0; path = Pods_SoundEngine.framework; sourceTree = BUILT_PRODUCTS_DIR; };
		24CF558E42F9B31294831FD9 /* Pods-SoundEngineUITests.release.xcconfig */ = {isa = PBXFileReference; includeInIndex = 1; lastKnownFileType = text.xcconfig; name = "Pods-SoundEngineUITests.release.xcconfig"; path = "Pods/Target Support Files/Pods-SoundEngineUITests/Pods-SoundEngineUITests.release.xcconfig"; sourceTree = "<group>"; };
		5705EFE1219DDF90005EF724 /* EQCollectionViewCell.swift */ = {isa = PBXFileReference; lastKnownFileType = sourcecode.swift; path = EQCollectionViewCell.swift; sourceTree = "<group>"; };
		5705EFE2219DDF90005EF724 /* EQCollectionViewCell.xib */ = {isa = PBXFileReference; lastKnownFileType = file.xib; path = EQCollectionViewCell.xib; sourceTree = "<group>"; };
		5705EFED219DE7D6005EF724 /* SoundsCollectionViewCell.swift */ = {isa = PBXFileReference; fileEncoding = 4; lastKnownFileType = sourcecode.swift; path = SoundsCollectionViewCell.swift; sourceTree = "<group>"; };
		5705EFEE219DE7D6005EF724 /* SoundsCollectionViewCell.xib */ = {isa = PBXFileReference; fileEncoding = 4; lastKnownFileType = file.xib; path = SoundsCollectionViewCell.xib; sourceTree = "<group>"; };
		57075EC3219C490C003F2D4F /* SoundEngine.app */ = {isa = PBXFileReference; explicitFileType = wrapper.application; includeInIndex = 0; path = SoundEngine.app; sourceTree = BUILT_PRODUCTS_DIR; };
		57075EC6219C490C003F2D4F /* AppDelegate.swift */ = {isa = PBXFileReference; lastKnownFileType = sourcecode.swift; path = AppDelegate.swift; sourceTree = "<group>"; };
		57075ECB219C490C003F2D4F /* Base */ = {isa = PBXFileReference; lastKnownFileType = file.storyboard; name = Base; path = Base.lproj/Main.storyboard; sourceTree = "<group>"; };
		57075ECE219C490C003F2D4F /* SoundEngine.xcdatamodel */ = {isa = PBXFileReference; lastKnownFileType = wrapper.xcdatamodel; path = SoundEngine.xcdatamodel; sourceTree = "<group>"; };
		57075ED0219C4911003F2D4F /* Assets.xcassets */ = {isa = PBXFileReference; lastKnownFileType = folder.assetcatalog; path = Assets.xcassets; sourceTree = "<group>"; };
		57075ED3219C4911003F2D4F /* Base */ = {isa = PBXFileReference; lastKnownFileType = file.storyboard; name = Base; path = Base.lproj/LaunchScreen.storyboard; sourceTree = "<group>"; };
		57075ED5219C4911003F2D4F /* Info.plist */ = {isa = PBXFileReference; lastKnownFileType = text.plist.xml; path = Info.plist; sourceTree = "<group>"; };
		57075EDA219C4911003F2D4F /* SoundEngineTests.xctest */ = {isa = PBXFileReference; explicitFileType = wrapper.cfbundle; includeInIndex = 0; path = SoundEngineTests.xctest; sourceTree = BUILT_PRODUCTS_DIR; };
		57075EDE219C4911003F2D4F /* SoundEngineTests.swift */ = {isa = PBXFileReference; lastKnownFileType = sourcecode.swift; path = SoundEngineTests.swift; sourceTree = "<group>"; };
		57075EE0219C4911003F2D4F /* Info.plist */ = {isa = PBXFileReference; lastKnownFileType = text.plist.xml; path = Info.plist; sourceTree = "<group>"; };
		57075EE5219C4911003F2D4F /* SoundEngineUITests.xctest */ = {isa = PBXFileReference; explicitFileType = wrapper.cfbundle; includeInIndex = 0; path = SoundEngineUITests.xctest; sourceTree = BUILT_PRODUCTS_DIR; };
		57075EE9219C4911003F2D4F /* SoundEngineUITests.swift */ = {isa = PBXFileReference; lastKnownFileType = sourcecode.swift; path = SoundEngineUITests.swift; sourceTree = "<group>"; };
		57075EEB219C4911003F2D4F /* Info.plist */ = {isa = PBXFileReference; lastKnownFileType = text.plist.xml; path = Info.plist; sourceTree = "<group>"; };
		573AE53621AEECE700452624 /* Amp.swift */ = {isa = PBXFileReference; fileEncoding = 4; lastKnownFileType = sourcecode.swift; path = Amp.swift; sourceTree = "<group>"; };
		573AE53821AEEE9800452624 /* AudioToolbox.framework */ = {isa = PBXFileReference; lastKnownFileType = wrapper.framework; name = AudioToolbox.framework; path = System/Library/Frameworks/AudioToolbox.framework; sourceTree = SDKROOT; };
		573AE53A21AEEE9800452624 /* SoundEngine.entitlements */ = {isa = PBXFileReference; lastKnownFileType = text.plist.entitlements; path = SoundEngine.entitlements; sourceTree = "<group>"; };
		5752059E21AD547E0005889E /* Filters.swift */ = {isa = PBXFileReference; lastKnownFileType = sourcecode.swift; path = Filters.swift; sourceTree = "<group>"; };
		57567AAD21CB9DA50030CBEC /* WaveformModel.swift */ = {isa = PBXFileReference; lastKnownFileType = sourcecode.swift; path = WaveformModel.swift; sourceTree = "<group>"; };
		575EE7E221BAF8E4008E9C11 /* Settings.swift */ = {isa = PBXFileReference; lastKnownFileType = sourcecode.swift; path = Settings.swift; sourceTree = "<group>"; };
		57612AE021B172A0001A7231 /* Helper.swift */ = {isa = PBXFileReference; fileEncoding = 4; lastKnownFileType = sourcecode.swift; path = Helper.swift; sourceTree = "<group>"; };
		57612AE221B17396001A7231 /* Collections.swift */ = {isa = PBXFileReference; fileEncoding = 4; lastKnownFileType = sourcecode.swift; path = Collections.swift; sourceTree = "<group>"; };
		577F61CE21DF7B6400853F29 /* EqualizerTableViewCell.swift */ = {isa = PBXFileReference; lastKnownFileType = sourcecode.swift; path = EqualizerTableViewCell.swift; sourceTree = "<group>"; };
		577F61CF21DF7B6400853F29 /* EqualizerTableViewCell.xib */ = {isa = PBXFileReference; lastKnownFileType = file.xib; path = EqualizerTableViewCell.xib; sourceTree = "<group>"; };
		578B32CB21BE9522002A7EEE /* PentaTableViewCell.swift */ = {isa = PBXFileReference; lastKnownFileType = sourcecode.swift; path = PentaTableViewCell.swift; sourceTree = "<group>"; };
		578B32CC21BE9522002A7EEE /* PentaTableViewCell.xib */ = {isa = PBXFileReference; lastKnownFileType = file.xib; path = PentaTableViewCell.xib; sourceTree = "<group>"; };
		578B32CF21BE9537002A7EEE /* HexaTableViewCell.swift */ = {isa = PBXFileReference; lastKnownFileType = sourcecode.swift; path = HexaTableViewCell.swift; sourceTree = "<group>"; };
		578B32D021BE9537002A7EEE /* HexaTableViewCell.xib */ = {isa = PBXFileReference; lastKnownFileType = file.xib; path = HexaTableViewCell.xib; sourceTree = "<group>"; };
		578B32D321BE9548002A7EEE /* HeptaTableViewCell.swift */ = {isa = PBXFileReference; lastKnownFileType = sourcecode.swift; path = HeptaTableViewCell.swift; sourceTree = "<group>"; };
		578B32D421BE9548002A7EEE /* HeptaTableViewCell.xib */ = {isa = PBXFileReference; lastKnownFileType = file.xib; path = HeptaTableViewCell.xib; sourceTree = "<group>"; };
		578B32D721BE9558002A7EEE /* OctaTableViewCell.swift */ = {isa = PBXFileReference; lastKnownFileType = sourcecode.swift; path = OctaTableViewCell.swift; sourceTree = "<group>"; };
		578B32D821BE9558002A7EEE /* OctaTableViewCell.xib */ = {isa = PBXFileReference; lastKnownFileType = file.xib; path = OctaTableViewCell.xib; sourceTree = "<group>"; };
		578F421421A5708A003076EC /* Colors.swift */ = {isa = PBXFileReference; fileEncoding = 4; lastKnownFileType = sourcecode.swift; path = Colors.swift; sourceTree = "<group>"; };
		579368D0219EF91400227AF8 /* TableViewCell.swift */ = {isa = PBXFileReference; lastKnownFileType = sourcecode.swift; path = TableViewCell.swift; sourceTree = "<group>"; };
		579368D1219EF91400227AF8 /* TableViewCell.xib */ = {isa = PBXFileReference; lastKnownFileType = file.xib; path = TableViewCell.xib; sourceTree = "<group>"; };
		57A631E821A965B5000069FA /* DoubleTableViewCell.swift */ = {isa = PBXFileReference; lastKnownFileType = sourcecode.swift; path = DoubleTableViewCell.swift; sourceTree = "<group>"; };
		57A631E921A965B5000069FA /* DoubleTableViewCell.xib */ = {isa = PBXFileReference; lastKnownFileType = file.xib; path = DoubleTableViewCell.xib; sourceTree = "<group>"; };
		57CF7DD721DE46260016CD67 /* PassFiltersTableViewCell.swift */ = {isa = PBXFileReference; lastKnownFileType = sourcecode.swift; path = PassFiltersTableViewCell.swift; sourceTree = "<group>"; };
		57CF7DD821DE46260016CD67 /* PassFiltersTableViewCell.xib */ = {isa = PBXFileReference; lastKnownFileType = file.xib; path = PassFiltersTableViewCell.xib; sourceTree = "<group>"; };
		57DD133321C7E1EE00506663 /* EQ31CollectionViewCell.swift */ = {isa = PBXFileReference; lastKnownFileType = sourcecode.swift; path = EQ31CollectionViewCell.swift; sourceTree = "<group>"; };
		57DD133421C7E1EE00506663 /* EQ31CollectionViewCell.xib */ = {isa = PBXFileReference; lastKnownFileType = file.xib; path = EQ31CollectionViewCell.xib; sourceTree = "<group>"; };
		57E397A621A96F8500F2871A /* TripleTableViewCell.swift */ = {isa = PBXFileReference; lastKnownFileType = sourcecode.swift; path = TripleTableViewCell.swift; sourceTree = "<group>"; };
		57E397A721A96F8500F2871A /* TripleTableViewCell.xib */ = {isa = PBXFileReference; lastKnownFileType = file.xib; path = TripleTableViewCell.xib; sourceTree = "<group>"; };
		57E397AA21A96FCF00F2871A /* QuatroTableViewCell.swift */ = {isa = PBXFileReference; lastKnownFileType = sourcecode.swift; path = QuatroTableViewCell.swift; sourceTree = "<group>"; };
		57E397AB21A96FCF00F2871A /* QuatroTableViewCell.xib */ = {isa = PBXFileReference; lastKnownFileType = file.xib; path = QuatroTableViewCell.xib; sourceTree = "<group>"; };
		57E397AF21AC155600F2871A /* Extensions.swift */ = {isa = PBXFileReference; lastKnownFileType = sourcecode.swift; path = Extensions.swift; sourceTree = "<group>"; };
		57E397B221AC15BA00F2871A /* LastCollectionViewCell.xib */ = {isa = PBXFileReference; lastKnownFileType = file.xib; path = LastCollectionViewCell.xib; sourceTree = "<group>"; };
		57E397B321AC15BA00F2871A /* ParallaxFlowLayout.swift */ = {isa = PBXFileReference; lastKnownFileType = sourcecode.swift; path = ParallaxFlowLayout.swift; sourceTree = "<group>"; };
		57E397B421AC15BB00F2871A /* SnappingFlowLayout.swift */ = {isa = PBXFileReference; lastKnownFileType = sourcecode.swift; path = SnappingFlowLayout.swift; sourceTree = "<group>"; };
		57E397B521AC15BD00F2871A /* LastCollectionViewCell.swift */ = {isa = PBXFileReference; lastKnownFileType = sourcecode.swift; path = LastCollectionViewCell.swift; sourceTree = "<group>"; };
		57E397B621AC15D200F2871A /* LastCollectionViewCell.swift */ = {isa = PBXFileReference; lastKnownFileType = sourcecode.swift; name = LastCollectionViewCell.swift; path = "../../../Sound Engineer/Sound Engineer/vanhat/Layouts/EffectCells/in/LastCollectionViewCell.swift"; sourceTree = "<group>"; };
		57E397B721AC15D200F2871A /* LastCollectionViewCell.xib */ = {isa = PBXFileReference; lastKnownFileType = file.xib; name = LastCollectionViewCell.xib; path = "../../../Sound Engineer/Sound Engineer/vanhat/Layouts/EffectCells/in/LastCollectionViewCell.xib"; sourceTree = "<group>"; };
		57E397B821AC15D200F2871A /* ParallaxFlowLayout.swift */ = {isa = PBXFileReference; lastKnownFileType = sourcecode.swift; name = ParallaxFlowLayout.swift; path = "../../../Sound Engineer/Sound Engineer/vanhat/Layouts/FlowLayouts/ParallaxFlowLayout.swift"; sourceTree = "<group>"; };
		57E397B921AC15D200F2871A /* SnappingFlowLayout.swift */ = {isa = PBXFileReference; lastKnownFileType = sourcecode.swift; name = SnappingFlowLayout.swift; path = "../../../Sound Engineer/Sound Engineer/vanhat/Layouts/FlowLayouts/SnappingFlowLayout.swift"; sourceTree = "<group>"; };
		57E397BD21AC1E5300F2871A /* AudioModel.swift */ = {isa = PBXFileReference; lastKnownFileType = sourcecode.swift; path = AudioModel.swift; sourceTree = "<group>"; };
		57E397BF21AC3B8C00F2871A /* Effects.swift */ = {isa = PBXFileReference; fileEncoding = 4; lastKnownFileType = sourcecode.swift; path = Effects.swift; sourceTree = "<group>"; };
		57EC1B2521EDDF7700C29D8B /* SwitchBoardTableViewCell.swift */ = {isa = PBXFileReference; lastKnownFileType = sourcecode.swift; path = SwitchBoardTableViewCell.swift; sourceTree = "<group>"; };
		57EC1B2621EDDF7700C29D8B /* SwitchBoardTableViewCell.xib */ = {isa = PBXFileReference; lastKnownFileType = file.xib; path = SwitchBoardTableViewCell.xib; sourceTree = "<group>"; };
		57EDC83521B80E4500621899 /* SingleTableViewController.swift */ = {isa = PBXFileReference; lastKnownFileType = sourcecode.swift; path = SingleTableViewController.swift; sourceTree = "<group>"; };
		611CF29D88D71CCBCA2AFD3F /* Pods_SoundEngineUITests.framework */ = {isa = PBXFileReference; explicitFileType = wrapper.framework; includeInIndex = 0; path = Pods_SoundEngineUITests.framework; sourceTree = BUILT_PRODUCTS_DIR; };
		6C883F5D89E09495EA2EE37A /* Pods-SoundEngineUITests.debug.xcconfig */ = {isa = PBXFileReference; includeInIndex = 1; lastKnownFileType = text.xcconfig; name = "Pods-SoundEngineUITests.debug.xcconfig"; path = "Pods/Target Support Files/Pods-SoundEngineUITests/Pods-SoundEngineUITests.debug.xcconfig"; sourceTree = "<group>"; };
		6DF17483EFF687EE5C456E1C /* Pods-SoundEngine.debug.xcconfig */ = {isa = PBXFileReference; includeInIndex = 1; lastKnownFileType = text.xcconfig; name = "Pods-SoundEngine.debug.xcconfig"; path = "Pods/Target Support Files/Pods-SoundEngine/Pods-SoundEngine.debug.xcconfig"; sourceTree = "<group>"; };
		7E209F8824817EB571267769 /* Pods-SoundEngine.release.xcconfig */ = {isa = PBXFileReference; includeInIndex = 1; lastKnownFileType = text.xcconfig; name = "Pods-SoundEngine.release.xcconfig"; path = "Pods/Target Support Files/Pods-SoundEngine/Pods-SoundEngine.release.xcconfig"; sourceTree = "<group>"; };
		A0A5EF0FD09322D22D4EB775 /* Pods-SoundEngineTests.release.xcconfig */ = {isa = PBXFileReference; includeInIndex = 1; lastKnownFileType = text.xcconfig; name = "Pods-SoundEngineTests.release.xcconfig"; path = "Pods/Target Support Files/Pods-SoundEngineTests/Pods-SoundEngineTests.release.xcconfig"; sourceTree = "<group>"; };
		C56B2AAD0B6E46CA1FADE31B /* Pods_SoundEngineTests.framework */ = {isa = PBXFileReference; explicitFileType = wrapper.framework; includeInIndex = 0; path = Pods_SoundEngineTests.framework; sourceTree = BUILT_PRODUCTS_DIR; };
/* End PBXFileReference section */

/* Begin PBXFrameworksBuildPhase section */
		57075EC0219C490C003F2D4F /* Frameworks */ = {
			isa = PBXFrameworksBuildPhase;
			buildActionMask = 2147483647;
			files = (
				8C27423C1DFC32BBD8C2CE74 /* Pods_SoundEngine.framework in Frameworks */,
				573AE53921AEEE9800452624 /* AudioToolbox.framework in Frameworks */,
			);
			runOnlyForDeploymentPostprocessing = 0;
		};
		57075ED7219C4911003F2D4F /* Frameworks */ = {
			isa = PBXFrameworksBuildPhase;
			buildActionMask = 2147483647;
			files = (
				AFD87D80A5DD4EE17D1F36EB /* Pods_SoundEngineTests.framework in Frameworks */,
			);
			runOnlyForDeploymentPostprocessing = 0;
		};
		57075EE2219C4911003F2D4F /* Frameworks */ = {
			isa = PBXFrameworksBuildPhase;
			buildActionMask = 2147483647;
			files = (
				F1F6519A0E253EF5D854953C /* Pods_SoundEngineUITests.framework in Frameworks */,
			);
			runOnlyForDeploymentPostprocessing = 0;
		};
/* End PBXFrameworksBuildPhase section */

/* Begin PBXGroup section */
		2DC7C0B28A2D36CD3D5AAC74 /* Frameworks */ = {
			isa = PBXGroup;
			children = (
				573AE53821AEEE9800452624 /* AudioToolbox.framework */,
				0CED5D13550FE0930E527543 /* Pods_SoundEngine.framework */,
				C56B2AAD0B6E46CA1FADE31B /* Pods_SoundEngineTests.framework */,
				611CF29D88D71CCBCA2AFD3F /* Pods_SoundEngineUITests.framework */,
			);
			name = Frameworks;
			sourceTree = "<group>";
		};
		57075EBA219C490C003F2D4F = {
			isa = PBXGroup;
			children = (
				57075EC5219C490C003F2D4F /* SoundEngine */,
				57075EDD219C4911003F2D4F /* SoundEngineTests */,
				57075EE8219C4911003F2D4F /* SoundEngineUITests */,
				57075EC4219C490C003F2D4F /* Products */,
				B4DECC06B5999D0FBC1FE8CC /* Pods */,
				2DC7C0B28A2D36CD3D5AAC74 /* Frameworks */,
			);
			sourceTree = "<group>";
		};
		57075EC4219C490C003F2D4F /* Products */ = {
			isa = PBXGroup;
			children = (
				57075EC3219C490C003F2D4F /* SoundEngine.app */,
				57075EDA219C4911003F2D4F /* SoundEngineTests.xctest */,
				57075EE5219C4911003F2D4F /* SoundEngineUITests.xctest */,
			);
			name = Products;
			sourceTree = "<group>";
		};
		57075EC5219C490C003F2D4F /* SoundEngine */ = {
			isa = PBXGroup;
			children = (
				57EDC83521B80E4500621899 /* SingleTableViewController.swift */,
				57E397BD21AC1E5300F2871A /* AudioModel.swift */,
				57567AAD21CB9DA50030CBEC /* WaveformModel.swift */,
				57075ECA219C490C003F2D4F /* Main.storyboard */,
				57075ED2219C4911003F2D4F /* LaunchScreen.storyboard */,
				57612AE021B172A0001A7231 /* Helper.swift */,
				575EE7E221BAF8E4008E9C11 /* Settings.swift */,
				573AE53621AEECE700452624 /* Amp.swift */,
				57E397BF21AC3B8C00F2871A /* Effects.swift */,
				5752059E21AD547E0005889E /* Filters.swift */,
				578F421421A5708A003076EC /* Colors.swift */,
				57612AE221B17396001A7231 /* Collections.swift */,
				57E397AF21AC155600F2871A /* Extensions.swift */,
				57E397AE21AC12B200F2871A /* TableViews */,
				57E397B121AC15BA00F2871A /* CollectionViews */,
				57075EC6219C490C003F2D4F /* AppDelegate.swift */,
				57075ED0219C4911003F2D4F /* Assets.xcassets */,
				57075ED5219C4911003F2D4F /* Info.plist */,
				573AE53A21AEEE9800452624 /* SoundEngine.entitlements */,
				57075ECD219C490C003F2D4F /* SoundEngine.xcdatamodeld */,
			);
			path = SoundEngine;
			sourceTree = "<group>";
		};
		57075EDD219C4911003F2D4F /* SoundEngineTests */ = {
			isa = PBXGroup;
			children = (
				57075EDE219C4911003F2D4F /* SoundEngineTests.swift */,
				57075EE0219C4911003F2D4F /* Info.plist */,
			);
			path = SoundEngineTests;
			sourceTree = "<group>";
		};
		57075EE8219C4911003F2D4F /* SoundEngineUITests */ = {
			isa = PBXGroup;
			children = (
				57075EE9219C4911003F2D4F /* SoundEngineUITests.swift */,
				57075EEB219C4911003F2D4F /* Info.plist */,
			);
			path = SoundEngineUITests;
			sourceTree = "<group>";
		};
		57E397AE21AC12B200F2871A /* TableViews */ = {
			isa = PBXGroup;
			children = (
				57EC1B2521EDDF7700C29D8B /* SwitchBoardTableViewCell.swift */,
				57EC1B2621EDDF7700C29D8B /* SwitchBoardTableViewCell.xib */,
				577F61CE21DF7B6400853F29 /* EqualizerTableViewCell.swift */,
				577F61CF21DF7B6400853F29 /* EqualizerTableViewCell.xib */,
				57CF7DD721DE46260016CD67 /* PassFiltersTableViewCell.swift */,
				57CF7DD821DE46260016CD67 /* PassFiltersTableViewCell.xib */,
				579368D0219EF91400227AF8 /* TableViewCell.swift */,
				579368D1219EF91400227AF8 /* TableViewCell.xib */,
				57A631E821A965B5000069FA /* DoubleTableViewCell.swift */,
				57A631E921A965B5000069FA /* DoubleTableViewCell.xib */,
				57E397A621A96F8500F2871A /* TripleTableViewCell.swift */,
				57E397A721A96F8500F2871A /* TripleTableViewCell.xib */,
				57E397AA21A96FCF00F2871A /* QuatroTableViewCell.swift */,
				57E397AB21A96FCF00F2871A /* QuatroTableViewCell.xib */,
				578B32CB21BE9522002A7EEE /* PentaTableViewCell.swift */,
				578B32CC21BE9522002A7EEE /* PentaTableViewCell.xib */,
				578B32CF21BE9537002A7EEE /* HexaTableViewCell.swift */,
				578B32D021BE9537002A7EEE /* HexaTableViewCell.xib */,
				578B32D321BE9548002A7EEE /* HeptaTableViewCell.swift */,
				578B32D421BE9548002A7EEE /* HeptaTableViewCell.xib */,
				578B32D721BE9558002A7EEE /* OctaTableViewCell.swift */,
				578B32D821BE9558002A7EEE /* OctaTableViewCell.xib */,
			);
			path = TableViews;
			sourceTree = "<group>";
		};
		57E397B121AC15BA00F2871A /* CollectionViews */ = {
			isa = PBXGroup;
			children = (
				57E397B821AC15D200F2871A /* ParallaxFlowLayout.swift */,
				57E397B921AC15D200F2871A /* SnappingFlowLayout.swift */,
				57E397B621AC15D200F2871A /* LastCollectionViewCell.swift */,
				57E397B721AC15D200F2871A /* LastCollectionViewCell.xib */,
				5705EFE1219DDF90005EF724 /* EQCollectionViewCell.swift */,
				5705EFE2219DDF90005EF724 /* EQCollectionViewCell.xib */,
				57DD133321C7E1EE00506663 /* EQ31CollectionViewCell.swift */,
				57DD133421C7E1EE00506663 /* EQ31CollectionViewCell.xib */,
				5705EFED219DE7D6005EF724 /* SoundsCollectionViewCell.swift */,
				5705EFEE219DE7D6005EF724 /* SoundsCollectionViewCell.xib */,
				57E397B321AC15BA00F2871A /* ParallaxFlowLayout.swift */,
				57E397B421AC15BB00F2871A /* SnappingFlowLayout.swift */,
				57E397B521AC15BD00F2871A /* LastCollectionViewCell.swift */,
				57E397B221AC15BA00F2871A /* LastCollectionViewCell.xib */,
			);
			path = CollectionViews;
			sourceTree = "<group>";
		};
		B4DECC06B5999D0FBC1FE8CC /* Pods */ = {
			isa = PBXGroup;
			children = (
				6DF17483EFF687EE5C456E1C /* Pods-SoundEngine.debug.xcconfig */,
				7E209F8824817EB571267769 /* Pods-SoundEngine.release.xcconfig */,
				0B623A504F7182B51B9312C4 /* Pods-SoundEngineTests.debug.xcconfig */,
				A0A5EF0FD09322D22D4EB775 /* Pods-SoundEngineTests.release.xcconfig */,
				6C883F5D89E09495EA2EE37A /* Pods-SoundEngineUITests.debug.xcconfig */,
				24CF558E42F9B31294831FD9 /* Pods-SoundEngineUITests.release.xcconfig */,
			);
			name = Pods;
			sourceTree = "<group>";
		};
/* End PBXGroup section */

/* Begin PBXNativeTarget section */
		57075EC2219C490C003F2D4F /* SoundEngine */ = {
			isa = PBXNativeTarget;
			buildConfigurationList = 57075EEE219C4911003F2D4F /* Build configuration list for PBXNativeTarget "SoundEngine" */;
			buildPhases = (
				13E5FD8BF43773E1B4A18CD9 /* [CP] Check Pods Manifest.lock */,
				57075EBF219C490C003F2D4F /* Sources */,
				57075EC0219C490C003F2D4F /* Frameworks */,
				57075EC1219C490C003F2D4F /* Resources */,
			);
			buildRules = (
			);
			dependencies = (
			);
			name = SoundEngine;
			productName = SoundEngine;
			productReference = 57075EC3219C490C003F2D4F /* SoundEngine.app */;
			productType = "com.apple.product-type.application";
		};
		57075ED9219C4911003F2D4F /* SoundEngineTests */ = {
			isa = PBXNativeTarget;
			buildConfigurationList = 57075EF1219C4911003F2D4F /* Build configuration list for PBXNativeTarget "SoundEngineTests" */;
			buildPhases = (
				0E9098EA3AA2EFF27D628103 /* [CP] Check Pods Manifest.lock */,
				57075ED6219C4911003F2D4F /* Sources */,
				57075ED7219C4911003F2D4F /* Frameworks */,
				57075ED8219C4911003F2D4F /* Resources */,
			);
			buildRules = (
			);
			dependencies = (
				57075EDC219C4911003F2D4F /* PBXTargetDependency */,
			);
			name = SoundEngineTests;
			productName = SoundEngineTests;
			productReference = 57075EDA219C4911003F2D4F /* SoundEngineTests.xctest */;
			productType = "com.apple.product-type.bundle.unit-test";
		};
		57075EE4219C4911003F2D4F /* SoundEngineUITests */ = {
			isa = PBXNativeTarget;
			buildConfigurationList = 57075EF4219C4911003F2D4F /* Build configuration list for PBXNativeTarget "SoundEngineUITests" */;
			buildPhases = (
				E642A3A51517CDF5B52B6630 /* [CP] Check Pods Manifest.lock */,
				57075EE1219C4911003F2D4F /* Sources */,
				57075EE2219C4911003F2D4F /* Frameworks */,
				57075EE3219C4911003F2D4F /* Resources */,
			);
			buildRules = (
			);
			dependencies = (
				57075EE7219C4911003F2D4F /* PBXTargetDependency */,
			);
			name = SoundEngineUITests;
			productName = SoundEngineUITests;
			productReference = 57075EE5219C4911003F2D4F /* SoundEngineUITests.xctest */;
			productType = "com.apple.product-type.bundle.ui-testing";
		};
/* End PBXNativeTarget section */

/* Begin PBXProject section */
		57075EBB219C490C003F2D4F /* Project object */ = {
			isa = PBXProject;
			attributes = {
				LastSwiftUpdateCheck = 1010;
				LastUpgradeCheck = 1010;
				ORGANIZATIONNAME = JuhaniVainio;
				TargetAttributes = {
					57075EC2219C490C003F2D4F = {
						CreatedOnToolsVersion = 10.1;
						SystemCapabilities = {
							com.apple.BackgroundModes = {
								enabled = 1;
							};
							com.apple.InterAppAudio = {
								enabled = 1;
							};
						};
					};
					57075ED9219C4911003F2D4F = {
						CreatedOnToolsVersion = 10.1;
						TestTargetID = 57075EC2219C490C003F2D4F;
					};
					57075EE4219C4911003F2D4F = {
						CreatedOnToolsVersion = 10.1;
						TestTargetID = 57075EC2219C490C003F2D4F;
					};
				};
			};
			buildConfigurationList = 57075EBE219C490C003F2D4F /* Build configuration list for PBXProject "SoundEngine" */;
			compatibilityVersion = "Xcode 9.3";
			developmentRegion = en;
			hasScannedForEncodings = 0;
			knownRegions = (
				en,
				Base,
			);
			mainGroup = 57075EBA219C490C003F2D4F;
			productRefGroup = 57075EC4219C490C003F2D4F /* Products */;
			projectDirPath = "";
			projectRoot = "";
			targets = (
				57075EC2219C490C003F2D4F /* SoundEngine */,
				57075ED9219C4911003F2D4F /* SoundEngineTests */,
				57075EE4219C4911003F2D4F /* SoundEngineUITests */,
			);
		};
/* End PBXProject section */

/* Begin PBXResourcesBuildPhase section */
		57075EC1219C490C003F2D4F /* Resources */ = {
			isa = PBXResourcesBuildPhase;
			buildActionMask = 2147483647;
			files = (
				577F61D121DF7B6400853F29 /* EqualizerTableViewCell.xib in Resources */,
				57CF7DDA21DE46260016CD67 /* PassFiltersTableViewCell.xib in Resources */,
				578B32D621BE9548002A7EEE /* HeptaTableViewCell.xib in Resources */,
				57075ED4219C4911003F2D4F /* LaunchScreen.storyboard in Resources */,
				57075ED1219C4911003F2D4F /* Assets.xcassets in Resources */,
				578B32D221BE9537002A7EEE /* HexaTableViewCell.xib in Resources */,
				578B32CE21BE9522002A7EEE /* PentaTableViewCell.xib in Resources */,
				57075ECC219C490C003F2D4F /* Main.storyboard in Resources */,
				57DD133621C7E1EE00506663 /* EQ31CollectionViewCell.xib in Resources */,
				57A631EB21A965B5000069FA /* DoubleTableViewCell.xib in Resources */,
				57EC1B2821EDDF7800C29D8B /* SwitchBoardTableViewCell.xib in Resources */,
				579368D3219EF91400227AF8 /* TableViewCell.xib in Resources */,
				578B32DA21BE9558002A7EEE /* OctaTableViewCell.xib in Resources */,
				5705EFF0219DE7D6005EF724 /* SoundsCollectionViewCell.xib in Resources */,
				57E397AD21A96FCF00F2871A /* QuatroTableViewCell.xib in Resources */,
				5705EFE4219DDF90005EF724 /* EQCollectionViewCell.xib in Resources */,
				57E397A921A96F8500F2871A /* TripleTableViewCell.xib in Resources */,
			);
			runOnlyForDeploymentPostprocessing = 0;
		};
		57075ED8219C4911003F2D4F /* Resources */ = {
			isa = PBXResourcesBuildPhase;
			buildActionMask = 2147483647;
			files = (
			);
			runOnlyForDeploymentPostprocessing = 0;
		};
		57075EE3219C4911003F2D4F /* Resources */ = {
			isa = PBXResourcesBuildPhase;
			buildActionMask = 2147483647;
			files = (
			);
			runOnlyForDeploymentPostprocessing = 0;
		};
/* End PBXResourcesBuildPhase section */

/* Begin PBXShellScriptBuildPhase section */
		0E9098EA3AA2EFF27D628103 /* [CP] Check Pods Manifest.lock */ = {
			isa = PBXShellScriptBuildPhase;
			buildActionMask = 2147483647;
			files = (
			);
			inputPaths = (
				"${PODS_PODFILE_DIR_PATH}/Podfile.lock",
				"${PODS_ROOT}/Manifest.lock",
			);
			name = "[CP] Check Pods Manifest.lock";
			outputPaths = (
				"$(DERIVED_FILE_DIR)/Pods-SoundEngineTests-checkManifestLockResult.txt",
			);
			runOnlyForDeploymentPostprocessing = 0;
			shellPath = /bin/sh;
			shellScript = "diff \"${PODS_PODFILE_DIR_PATH}/Podfile.lock\" \"${PODS_ROOT}/Manifest.lock\" > /dev/null\nif [ $? != 0 ] ; then\n    # print error to STDERR\n    echo \"error: The sandbox is not in sync with the Podfile.lock. Run 'pod install' or update your CocoaPods installation.\" >&2\n    exit 1\nfi\n# This output is used by Xcode 'outputs' to avoid re-running this script phase.\necho \"SUCCESS\" > \"${SCRIPT_OUTPUT_FILE_0}\"\n";
			showEnvVarsInLog = 0;
		};
		13E5FD8BF43773E1B4A18CD9 /* [CP] Check Pods Manifest.lock */ = {
			isa = PBXShellScriptBuildPhase;
			buildActionMask = 2147483647;
			files = (
			);
			inputPaths = (
				"${PODS_PODFILE_DIR_PATH}/Podfile.lock",
				"${PODS_ROOT}/Manifest.lock",
			);
			name = "[CP] Check Pods Manifest.lock";
			outputPaths = (
				"$(DERIVED_FILE_DIR)/Pods-SoundEngine-checkManifestLockResult.txt",
			);
			runOnlyForDeploymentPostprocessing = 0;
			shellPath = /bin/sh;
			shellScript = "diff \"${PODS_PODFILE_DIR_PATH}/Podfile.lock\" \"${PODS_ROOT}/Manifest.lock\" > /dev/null\nif [ $? != 0 ] ; then\n    # print error to STDERR\n    echo \"error: The sandbox is not in sync with the Podfile.lock. Run 'pod install' or update your CocoaPods installation.\" >&2\n    exit 1\nfi\n# This output is used by Xcode 'outputs' to avoid re-running this script phase.\necho \"SUCCESS\" > \"${SCRIPT_OUTPUT_FILE_0}\"\n";
			showEnvVarsInLog = 0;
		};
		E642A3A51517CDF5B52B6630 /* [CP] Check Pods Manifest.lock */ = {
			isa = PBXShellScriptBuildPhase;
			buildActionMask = 2147483647;
			files = (
			);
			inputPaths = (
				"${PODS_PODFILE_DIR_PATH}/Podfile.lock",
				"${PODS_ROOT}/Manifest.lock",
			);
			name = "[CP] Check Pods Manifest.lock";
			outputPaths = (
				"$(DERIVED_FILE_DIR)/Pods-SoundEngineUITests-checkManifestLockResult.txt",
			);
			runOnlyForDeploymentPostprocessing = 0;
			shellPath = /bin/sh;
			shellScript = "diff \"${PODS_PODFILE_DIR_PATH}/Podfile.lock\" \"${PODS_ROOT}/Manifest.lock\" > /dev/null\nif [ $? != 0 ] ; then\n    # print error to STDERR\n    echo \"error: The sandbox is not in sync with the Podfile.lock. Run 'pod install' or update your CocoaPods installation.\" >&2\n    exit 1\nfi\n# This output is used by Xcode 'outputs' to avoid re-running this script phase.\necho \"SUCCESS\" > \"${SCRIPT_OUTPUT_FILE_0}\"\n";
			showEnvVarsInLog = 0;
		};
/* End PBXShellScriptBuildPhase section */

/* Begin PBXSourcesBuildPhase section */
		57075EBF219C490C003F2D4F /* Sources */ = {
			isa = PBXSourcesBuildPhase;
			buildActionMask = 2147483647;
			files = (
				573AE53721AEECE700452624 /* Amp.swift in Sources */,
				578F421521A5708A003076EC /* Colors.swift in Sources */,
				578B32D121BE9537002A7EEE /* HexaTableViewCell.swift in Sources */,
				5705EFE3219DDF90005EF724 /* EQCollectionViewCell.swift in Sources */,
				57DD133521C7E1EE00506663 /* EQ31CollectionViewCell.swift in Sources */,
				57075ECF219C490C003F2D4F /* SoundEngine.xcdatamodeld in Sources */,
				5705EFEF219DE7D6005EF724 /* SoundsCollectionViewCell.swift in Sources */,
				57567AAE21CB9DA50030CBEC /* WaveformModel.swift in Sources */,
				577F61D021DF7B6400853F29 /* EqualizerTableViewCell.swift in Sources */,
				57CF7DD921DE46260016CD67 /* PassFiltersTableViewCell.swift in Sources */,
				57EC1B2721EDDF7800C29D8B /* SwitchBoardTableViewCell.swift in Sources */,
				578B32D521BE9548002A7EEE /* HeptaTableViewCell.swift in Sources */,
				578B32CD21BE9522002A7EEE /* PentaTableViewCell.swift in Sources */,
				57E397BE21AC1E5300F2871A /* AudioModel.swift in Sources */,
				57A631EA21A965B5000069FA /* DoubleTableViewCell.swift in Sources */,
				57612AE121B172A1001A7231 /* Helper.swift in Sources */,
				578B32D921BE9558002A7EEE /* OctaTableViewCell.swift in Sources */,
				57075EC7219C490C003F2D4F /* AppDelegate.swift in Sources */,
				57E397C021AC3B8C00F2871A /* Effects.swift in Sources */,
				57E397BC21AC15D200F2871A /* SnappingFlowLayout.swift in Sources */,
				5752059F21AD547F0005889E /* Filters.swift in Sources */,
				57E397A821A96F8500F2871A /* TripleTableViewCell.swift in Sources */,
				57E397BA21AC15D200F2871A /* LastCollectionViewCell.swift in Sources */,
				579368D2219EF91400227AF8 /* TableViewCell.swift in Sources */,
				57E397AC21A96FCF00F2871A /* QuatroTableViewCell.swift in Sources */,
				57E397BB21AC15D200F2871A /* ParallaxFlowLayout.swift in Sources */,
				57E397B021AC155600F2871A /* Extensions.swift in Sources */,
				57EDC83621B80E4500621899 /* SingleTableViewController.swift in Sources */,
				575EE7E321BAF8E4008E9C11 /* Settings.swift in Sources */,
				57612AE321B17396001A7231 /* Collections.swift in Sources */,
			);
			runOnlyForDeploymentPostprocessing = 0;
		};
		57075ED6219C4911003F2D4F /* Sources */ = {
			isa = PBXSourcesBuildPhase;
			buildActionMask = 2147483647;
			files = (
				57075EDF219C4911003F2D4F /* SoundEngineTests.swift in Sources */,
			);
			runOnlyForDeploymentPostprocessing = 0;
		};
		57075EE1219C4911003F2D4F /* Sources */ = {
			isa = PBXSourcesBuildPhase;
			buildActionMask = 2147483647;
			files = (
				57075EEA219C4911003F2D4F /* SoundEngineUITests.swift in Sources */,
			);
			runOnlyForDeploymentPostprocessing = 0;
		};
/* End PBXSourcesBuildPhase section */

/* Begin PBXTargetDependency section */
		57075EDC219C4911003F2D4F /* PBXTargetDependency */ = {
			isa = PBXTargetDependency;
			target = 57075EC2219C490C003F2D4F /* SoundEngine */;
			targetProxy = 57075EDB219C4911003F2D4F /* PBXContainerItemProxy */;
		};
		57075EE7219C4911003F2D4F /* PBXTargetDependency */ = {
			isa = PBXTargetDependency;
			target = 57075EC2219C490C003F2D4F /* SoundEngine */;
			targetProxy = 57075EE6219C4911003F2D4F /* PBXContainerItemProxy */;
		};
/* End PBXTargetDependency section */

/* Begin PBXVariantGroup section */
		57075ECA219C490C003F2D4F /* Main.storyboard */ = {
			isa = PBXVariantGroup;
			children = (
				57075ECB219C490C003F2D4F /* Base */,
			);
			name = Main.storyboard;
			sourceTree = "<group>";
		};
		57075ED2219C4911003F2D4F /* LaunchScreen.storyboard */ = {
			isa = PBXVariantGroup;
			children = (
				57075ED3219C4911003F2D4F /* Base */,
			);
			name = LaunchScreen.storyboard;
			sourceTree = "<group>";
		};
/* End PBXVariantGroup section */

/* Begin XCBuildConfiguration section */
		57075EEC219C4911003F2D4F /* Debug */ = {
			isa = XCBuildConfiguration;
			buildSettings = {
				ALWAYS_SEARCH_USER_PATHS = NO;
				CLANG_ANALYZER_NONNULL = YES;
				CLANG_ANALYZER_NUMBER_OBJECT_CONVERSION = YES_AGGRESSIVE;
				CLANG_CXX_LANGUAGE_STANDARD = "gnu++14";
				CLANG_CXX_LIBRARY = "libc++";
				CLANG_ENABLE_MODULES = YES;
				CLANG_ENABLE_OBJC_ARC = YES;
				CLANG_ENABLE_OBJC_WEAK = YES;
				CLANG_WARN_BLOCK_CAPTURE_AUTORELEASING = YES;
				CLANG_WARN_BOOL_CONVERSION = YES;
				CLANG_WARN_COMMA = YES;
				CLANG_WARN_CONSTANT_CONVERSION = YES;
				CLANG_WARN_DEPRECATED_OBJC_IMPLEMENTATIONS = YES;
				CLANG_WARN_DIRECT_OBJC_ISA_USAGE = YES_ERROR;
				CLANG_WARN_DOCUMENTATION_COMMENTS = YES;
				CLANG_WARN_EMPTY_BODY = YES;
				CLANG_WARN_ENUM_CONVERSION = YES;
				CLANG_WARN_INFINITE_RECURSION = YES;
				CLANG_WARN_INT_CONVERSION = YES;
				CLANG_WARN_NON_LITERAL_NULL_CONVERSION = YES;
				CLANG_WARN_OBJC_IMPLICIT_RETAIN_SELF = YES;
				CLANG_WARN_OBJC_LITERAL_CONVERSION = YES;
				CLANG_WARN_OBJC_ROOT_CLASS = YES_ERROR;
				CLANG_WARN_RANGE_LOOP_ANALYSIS = YES;
				CLANG_WARN_STRICT_PROTOTYPES = YES;
				CLANG_WARN_SUSPICIOUS_MOVE = YES;
				CLANG_WARN_UNGUARDED_AVAILABILITY = YES_AGGRESSIVE;
				CLANG_WARN_UNREACHABLE_CODE = YES;
				CLANG_WARN__DUPLICATE_METHOD_MATCH = YES;
				CODE_SIGN_IDENTITY = "iPhone Developer";
				COPY_PHASE_STRIP = NO;
				DEBUG_INFORMATION_FORMAT = dwarf;
				ENABLE_STRICT_OBJC_MSGSEND = YES;
				ENABLE_TESTABILITY = YES;
				GCC_C_LANGUAGE_STANDARD = gnu11;
				GCC_DYNAMIC_NO_PIC = NO;
				GCC_NO_COMMON_BLOCKS = YES;
				GCC_OPTIMIZATION_LEVEL = 0;
				GCC_PREPROCESSOR_DEFINITIONS = (
					"DEBUG=1",
					"$(inherited)",
				);
				GCC_WARN_64_TO_32_BIT_CONVERSION = YES;
				GCC_WARN_ABOUT_RETURN_TYPE = YES_ERROR;
				GCC_WARN_UNDECLARED_SELECTOR = YES;
				GCC_WARN_UNINITIALIZED_AUTOS = YES_AGGRESSIVE;
				GCC_WARN_UNUSED_FUNCTION = YES;
				GCC_WARN_UNUSED_VARIABLE = YES;
				IPHONEOS_DEPLOYMENT_TARGET = 12.1;
				MTL_ENABLE_DEBUG_INFO = INCLUDE_SOURCE;
				MTL_FAST_MATH = YES;
				ONLY_ACTIVE_ARCH = YES;
				SDKROOT = iphoneos;
				SWIFT_ACTIVE_COMPILATION_CONDITIONS = DEBUG;
				SWIFT_OPTIMIZATION_LEVEL = "-Onone";
			};
			name = Debug;
		};
		57075EED219C4911003F2D4F /* Release */ = {
			isa = XCBuildConfiguration;
			buildSettings = {
				ALWAYS_SEARCH_USER_PATHS = NO;
				CLANG_ANALYZER_NONNULL = YES;
				CLANG_ANALYZER_NUMBER_OBJECT_CONVERSION = YES_AGGRESSIVE;
				CLANG_CXX_LANGUAGE_STANDARD = "gnu++14";
				CLANG_CXX_LIBRARY = "libc++";
				CLANG_ENABLE_MODULES = YES;
				CLANG_ENABLE_OBJC_ARC = YES;
				CLANG_ENABLE_OBJC_WEAK = YES;
				CLANG_WARN_BLOCK_CAPTURE_AUTORELEASING = YES;
				CLANG_WARN_BOOL_CONVERSION = YES;
				CLANG_WARN_COMMA = YES;
				CLANG_WARN_CONSTANT_CONVERSION = YES;
				CLANG_WARN_DEPRECATED_OBJC_IMPLEMENTATIONS = YES;
				CLANG_WARN_DIRECT_OBJC_ISA_USAGE = YES_ERROR;
				CLANG_WARN_DOCUMENTATION_COMMENTS = YES;
				CLANG_WARN_EMPTY_BODY = YES;
				CLANG_WARN_ENUM_CONVERSION = YES;
				CLANG_WARN_INFINITE_RECURSION = YES;
				CLANG_WARN_INT_CONVERSION = YES;
				CLANG_WARN_NON_LITERAL_NULL_CONVERSION = YES;
				CLANG_WARN_OBJC_IMPLICIT_RETAIN_SELF = YES;
				CLANG_WARN_OBJC_LITERAL_CONVERSION = YES;
				CLANG_WARN_OBJC_ROOT_CLASS = YES_ERROR;
				CLANG_WARN_RANGE_LOOP_ANALYSIS = YES;
				CLANG_WARN_STRICT_PROTOTYPES = YES;
				CLANG_WARN_SUSPICIOUS_MOVE = YES;
				CLANG_WARN_UNGUARDED_AVAILABILITY = YES_AGGRESSIVE;
				CLANG_WARN_UNREACHABLE_CODE = YES;
				CLANG_WARN__DUPLICATE_METHOD_MATCH = YES;
				CODE_SIGN_IDENTITY = "iPhone Developer";
				COPY_PHASE_STRIP = NO;
				DEBUG_INFORMATION_FORMAT = "dwarf-with-dsym";
				ENABLE_NS_ASSERTIONS = NO;
				ENABLE_STRICT_OBJC_MSGSEND = YES;
				GCC_C_LANGUAGE_STANDARD = gnu11;
				GCC_NO_COMMON_BLOCKS = YES;
				GCC_WARN_64_TO_32_BIT_CONVERSION = YES;
				GCC_WARN_ABOUT_RETURN_TYPE = YES_ERROR;
				GCC_WARN_UNDECLARED_SELECTOR = YES;
				GCC_WARN_UNINITIALIZED_AUTOS = YES_AGGRESSIVE;
				GCC_WARN_UNUSED_FUNCTION = YES;
				GCC_WARN_UNUSED_VARIABLE = YES;
				IPHONEOS_DEPLOYMENT_TARGET = 12.1;
				MTL_ENABLE_DEBUG_INFO = NO;
				MTL_FAST_MATH = YES;
				SDKROOT = iphoneos;
				SWIFT_COMPILATION_MODE = wholemodule;
				SWIFT_OPTIMIZATION_LEVEL = "-O";
				VALIDATE_PRODUCT = YES;
			};
			name = Release;
		};
		57075EEF219C4911003F2D4F /* Debug */ = {
			isa = XCBuildConfiguration;
			baseConfigurationReference = 6DF17483EFF687EE5C456E1C /* Pods-SoundEngine.debug.xcconfig */;
			buildSettings = {
				ASSETCATALOG_COMPILER_APPICON_NAME = AppIcon;
				CODE_SIGN_ENTITLEMENTS = SoundEngine/SoundEngine.entitlements;
				CODE_SIGN_STYLE = Automatic;
				DEVELOPMENT_TEAM = M9B95MWJYP;
				INFOPLIST_FILE = SoundEngine/Info.plist;
				LD_RUNPATH_SEARCH_PATHS = (
					"$(inherited)",
					"@executable_path/Frameworks",
				);
				PRODUCT_BUNDLE_IDENTIFIER = com.juhani.vainio.SoundEngine;
				PRODUCT_NAME = "$(TARGET_NAME)";
				SWIFT_VERSION = 4.2;
				TARGETED_DEVICE_FAMILY = "1,2";
			};
			name = Debug;
		};
		57075EF0219C4911003F2D4F /* Release */ = {
			isa = XCBuildConfiguration;
			baseConfigurationReference = 7E209F8824817EB571267769 /* Pods-SoundEngine.release.xcconfig */;
			buildSettings = {
				ASSETCATALOG_COMPILER_APPICON_NAME = AppIcon;
				CODE_SIGN_ENTITLEMENTS = SoundEngine/SoundEngine.entitlements;
				CODE_SIGN_STYLE = Automatic;
				DEVELOPMENT_TEAM = M9B95MWJYP;
				INFOPLIST_FILE = SoundEngine/Info.plist;
				LD_RUNPATH_SEARCH_PATHS = (
					"$(inherited)",
					"@executable_path/Frameworks",
				);
				PRODUCT_BUNDLE_IDENTIFIER = com.juhani.vainio.SoundEngine;
				PRODUCT_NAME = "$(TARGET_NAME)";
				SWIFT_VERSION = 4.2;
				TARGETED_DEVICE_FAMILY = "1,2";
			};
			name = Release;
		};
		57075EF2219C4911003F2D4F /* Debug */ = {
			isa = XCBuildConfiguration;
			baseConfigurationReference = 0B623A504F7182B51B9312C4 /* Pods-SoundEngineTests.debug.xcconfig */;
			buildSettings = {
				ALWAYS_EMBED_SWIFT_STANDARD_LIBRARIES = YES;
				BUNDLE_LOADER = "$(TEST_HOST)";
				CODE_SIGN_STYLE = Automatic;
				DEVELOPMENT_TEAM = M9B95MWJYP;
				INFOPLIST_FILE = SoundEngineTests/Info.plist;
				LD_RUNPATH_SEARCH_PATHS = (
					"$(inherited)",
					"@executable_path/Frameworks",
					"@loader_path/Frameworks",
				);
				PRODUCT_BUNDLE_IDENTIFIER = com.juhani.vainio.SoundEngineTests;
				PRODUCT_NAME = "$(TARGET_NAME)";
				SWIFT_VERSION = 4.2;
				TARGETED_DEVICE_FAMILY = "1,2";
				TEST_HOST = "$(BUILT_PRODUCTS_DIR)/SoundEngine.app/SoundEngine";
			};
			name = Debug;
		};
		57075EF3219C4911003F2D4F /* Release */ = {
			isa = XCBuildConfiguration;
			baseConfigurationReference = A0A5EF0FD09322D22D4EB775 /* Pods-SoundEngineTests.release.xcconfig */;
			buildSettings = {
				ALWAYS_EMBED_SWIFT_STANDARD_LIBRARIES = YES;
				BUNDLE_LOADER = "$(TEST_HOST)";
				CODE_SIGN_STYLE = Automatic;
				DEVELOPMENT_TEAM = M9B95MWJYP;
				INFOPLIST_FILE = SoundEngineTests/Info.plist;
				LD_RUNPATH_SEARCH_PATHS = (
					"$(inherited)",
					"@executable_path/Frameworks",
					"@loader_path/Frameworks",
				);
				PRODUCT_BUNDLE_IDENTIFIER = com.juhani.vainio.SoundEngineTests;
				PRODUCT_NAME = "$(TARGET_NAME)";
				SWIFT_VERSION = 4.2;
				TARGETED_DEVICE_FAMILY = "1,2";
				TEST_HOST = "$(BUILT_PRODUCTS_DIR)/SoundEngine.app/SoundEngine";
			};
			name = Release;
		};
		57075EF5219C4911003F2D4F /* Debug */ = {
			isa = XCBuildConfiguration;
			baseConfigurationReference = 6C883F5D89E09495EA2EE37A /* Pods-SoundEngineUITests.debug.xcconfig */;
			buildSettings = {
				ALWAYS_EMBED_SWIFT_STANDARD_LIBRARIES = YES;
				CODE_SIGN_STYLE = Automatic;
				DEVELOPMENT_TEAM = M9B95MWJYP;
				INFOPLIST_FILE = SoundEngineUITests/Info.plist;
				LD_RUNPATH_SEARCH_PATHS = (
					"$(inherited)",
					"@executable_path/Frameworks",
					"@loader_path/Frameworks",
				);
				PRODUCT_BUNDLE_IDENTIFIER = com.juhani.vainio.SoundEngineUITests;
				PRODUCT_NAME = "$(TARGET_NAME)";
				SWIFT_VERSION = 4.2;
				TARGETED_DEVICE_FAMILY = "1,2";
				TEST_TARGET_NAME = SoundEngine;
			};
			name = Debug;
		};
		57075EF6219C4911003F2D4F /* Release */ = {
			isa = XCBuildConfiguration;
			baseConfigurationReference = 24CF558E42F9B31294831FD9 /* Pods-SoundEngineUITests.release.xcconfig */;
			buildSettings = {
				ALWAYS_EMBED_SWIFT_STANDARD_LIBRARIES = YES;
				CODE_SIGN_STYLE = Automatic;
				DEVELOPMENT_TEAM = M9B95MWJYP;
				INFOPLIST_FILE = SoundEngineUITests/Info.plist;
				LD_RUNPATH_SEARCH_PATHS = (
					"$(inherited)",
					"@executable_path/Frameworks",
					"@loader_path/Frameworks",
				);
				PRODUCT_BUNDLE_IDENTIFIER = com.juhani.vainio.SoundEngineUITests;
				PRODUCT_NAME = "$(TARGET_NAME)";
				SWIFT_VERSION = 4.2;
				TARGETED_DEVICE_FAMILY = "1,2";
				TEST_TARGET_NAME = SoundEngine;
			};
			name = Release;
		};
/* End XCBuildConfiguration section */

/* Begin XCConfigurationList section */
		57075EBE219C490C003F2D4F /* Build configuration list for PBXProject "SoundEngine" */ = {
			isa = XCConfigurationList;
			buildConfigurations = (
				57075EEC219C4911003F2D4F /* Debug */,
				57075EED219C4911003F2D4F /* Release */,
			);
			defaultConfigurationIsVisible = 0;
			defaultConfigurationName = Release;
		};
		57075EEE219C4911003F2D4F /* Build configuration list for PBXNativeTarget "SoundEngine" */ = {
			isa = XCConfigurationList;
			buildConfigurations = (
				57075EEF219C4911003F2D4F /* Debug */,
				57075EF0219C4911003F2D4F /* Release */,
			);
			defaultConfigurationIsVisible = 0;
			defaultConfigurationName = Release;
		};
		57075EF1219C4911003F2D4F /* Build configuration list for PBXNativeTarget "SoundEngineTests" */ = {
			isa = XCConfigurationList;
			buildConfigurations = (
				57075EF2219C4911003F2D4F /* Debug */,
				57075EF3219C4911003F2D4F /* Release */,
			);
			defaultConfigurationIsVisible = 0;
			defaultConfigurationName = Release;
		};
		57075EF4219C4911003F2D4F /* Build configuration list for PBXNativeTarget "SoundEngineUITests" */ = {
			isa = XCConfigurationList;
			buildConfigurations = (
				57075EF5219C4911003F2D4F /* Debug */,
				57075EF6219C4911003F2D4F /* Release */,
			);
			defaultConfigurationIsVisible = 0;
			defaultConfigurationName = Release;
		};
/* End XCConfigurationList section */

/* Begin XCVersionGroup section */
		57075ECD219C490C003F2D4F /* SoundEngine.xcdatamodeld */ = {
			isa = XCVersionGroup;
			children = (
				57075ECE219C490C003F2D4F /* SoundEngine.xcdatamodel */,
			);
			currentVersion = 57075ECE219C490C003F2D4F /* SoundEngine.xcdatamodel */;
			path = SoundEngine.xcdatamodeld;
			sourceTree = "<group>";
			versionGroupType = wrapper.xcdatamodel;
		};
/* End XCVersionGroup section */
	};
	rootObject = 57075EBB219C490C003F2D4F /* Project object */;
}
